
Microsoft Visual Studio Solution File, Format Version 12.00
# Visual Studio 15
VisualStudioVersion = 15.0.27004.2006
MinimumVisualStudioVersion = 10.0.40219.1
Project("{9A19103F-16F7-4668-BE54-9A1E7A4F7556}") = "MarkdownMigration.ConsoleApp", "MarkdownMigration.ConsoleApp\MarkdownMigration.ConsoleApp.csproj", "{A2DD9A06-7B64-44DC-BF26-DAB21D9DE49E}"
EndProject
Project("{9A19103F-16F7-4668-BE54-9A1E7A4F7556}") = "MarkdownMigration.Common", "MarkdownMigration.Common\MarkdownMigration.Common.csproj", "{5CEFA98A-27CE-4C9A-A069-1ADE0DD0ABE9}"
EndProject
Project("{9A19103F-16F7-4668-BE54-9A1E7A4F7556}") = "MarkdownMigration.Convert", "MarkdownMigration.Migrate\MarkdownMigration.Convert.csproj", "{0765EEF7-36F6-474C-ADE6-68789742433A}"
EndProject
Project("{9A19103F-16F7-4668-BE54-9A1E7A4F7556}") = "MarkdownMigration.Convert.Test", "MarkdownMigration.Convert.Test\MarkdownMigration.Convert.Test.csproj", "{48E8BD40-A1FC-4940-AD63-94E9CDF35662}"
EndProject
Project("{FAE04EC0-301F-11D3-BF4B-00C04F79EFBC}") = "MarkdownMigration.ExtractHtml", "MarkdownMigration.ExtractHtml\MarkdownMigration.ExtractHtml.csproj", "{75635BD0-ECFC-4B13-AAC0-3FEB3DB5E4FC}"
EndProject
Project("{FAE04EC0-301F-11D3-BF4B-00C04F79EFBC}") = "MarkdownMigration.Diff", "MarkdownMigration.Diff\MarkdownMigration.Diff.csproj", "{DD88FEFA-0500-467E-B38A-9848220E139A}"
EndProject
Global
	GlobalSection(SolutionConfigurationPlatforms) = preSolution
		Debug|Any CPU = Debug|Any CPU
		Release|Any CPU = Release|Any CPU
	EndGlobalSection
	GlobalSection(ProjectConfigurationPlatforms) = postSolution
		{A2DD9A06-7B64-44DC-BF26-DAB21D9DE49E}.Debug|Any CPU.ActiveCfg = Debug|Any CPU
		{A2DD9A06-7B64-44DC-BF26-DAB21D9DE49E}.Debug|Any CPU.Build.0 = Debug|Any CPU
		{A2DD9A06-7B64-44DC-BF26-DAB21D9DE49E}.Release|Any CPU.ActiveCfg = Release|Any CPU
		{A2DD9A06-7B64-44DC-BF26-DAB21D9DE49E}.Release|Any CPU.Build.0 = Release|Any CPU
		{5CEFA98A-27CE-4C9A-A069-1ADE0DD0ABE9}.Debug|Any CPU.ActiveCfg = Debug|Any CPU
		{5CEFA98A-27CE-4C9A-A069-1ADE0DD0ABE9}.Debug|Any CPU.Build.0 = Debug|Any CPU
		{5CEFA98A-27CE-4C9A-A069-1ADE0DD0ABE9}.Release|Any CPU.ActiveCfg = Release|Any CPU
		{5CEFA98A-27CE-4C9A-A069-1ADE0DD0ABE9}.Release|Any CPU.Build.0 = Release|Any CPU
		{0765EEF7-36F6-474C-ADE6-68789742433A}.Debug|Any CPU.ActiveCfg = Debug|Any CPU
		{0765EEF7-36F6-474C-ADE6-68789742433A}.Debug|Any CPU.Build.0 = Debug|Any CPU
		{0765EEF7-36F6-474C-ADE6-68789742433A}.Release|Any CPU.ActiveCfg = Release|Any CPU
		{0765EEF7-36F6-474C-ADE6-68789742433A}.Release|Any CPU.Build.0 = Release|Any CPU
		{48E8BD40-A1FC-4940-AD63-94E9CDF35662}.Debug|Any CPU.ActiveCfg = Debug|Any CPU
		{48E8BD40-A1FC-4940-AD63-94E9CDF35662}.Debug|Any CPU.Build.0 = Debug|Any CPU
		{48E8BD40-A1FC-4940-AD63-94E9CDF35662}.Release|Any CPU.ActiveCfg = Release|Any CPU
		{48E8BD40-A1FC-4940-AD63-94E9CDF35662}.Release|Any CPU.Build.0 = Release|Any CPU
		{75635BD0-ECFC-4B13-AAC0-3FEB3DB5E4FC}.Debug|Any CPU.ActiveCfg = Debug|Any CPU
		{75635BD0-ECFC-4B13-AAC0-3FEB3DB5E4FC}.Debug|Any CPU.Build.0 = Debug|Any CPU
		{75635BD0-ECFC-4B13-AAC0-3FEB3DB5E4FC}.Release|Any CPU.ActiveCfg = Release|Any CPU
		{75635BD0-ECFC-4B13-AAC0-3FEB3DB5E4FC}.Release|Any CPU.Build.0 = Release|Any CPU
		{DD88FEFA-0500-467E-B38A-9848220E139A}.Debug|Any CPU.ActiveCfg = Debug|Any CPU
		{DD88FEFA-0500-467E-B38A-9848220E139A}.Debug|Any CPU.Build.0 = Debug|Any CPU
		{DD88FEFA-0500-467E-B38A-9848220E139A}.Release|Any CPU.ActiveCfg = Release|Any CPU
		{DD88FEFA-0500-467E-B38A-9848220E139A}.Release|Any CPU.Build.0 = Release|Any CPU
	EndGlobalSection
	GlobalSection(SolutionProperties) = preSolution
		HideSolutionNode = FALSE
	EndGlobalSection
	GlobalSection(ExtensibilityGlobals) = postSolution
		SolutionGuid = {69881889-5DB7-4CF0-9289-5BF2FEFB2E2E}
	EndGlobalSection
EndGlobal
